
Microsoft Visual Studio Solution File, Format Version 11.00
# Visual Studio 2010
Project("{FAE04EC0-301F-11D3-BF4B-00C04F79EFBC}") = "ConcurrencySample", "ConcurrencySample\ConcurrencySample.csproj", "{EBC46912-B10B-4B59-AA00-E90498E55EC5}"
EndProject
Project("{2150E333-8FDC-42A3-9474-1A3956D46DE8}") = ".nuget", ".nuget", "{D17049A3-705A-4374-BAAE-8554F48FE052}"
	ProjectSection(SolutionItems) = preProject
		.nuget\packages.config = .nuget\packages.config
	EndProjectSection
EndProject
Global
	GlobalSection(SolutionConfigurationPlatforms) = preSolution
		Debug|Any CPU = Debug|Any CPU
		Release|Any CPU = Release|Any CPU
	EndGlobalSection
	GlobalSection(ProjectConfigurationPlatforms) = postSolution
		{EBC46912-B10B-4B59-AA00-E90498E55EC5}.Debug|Any CPU.ActiveCfg = Debug|Any CPU
		{EBC46912-B10B-4B59-AA00-E90498E55EC5}.Debug|Any CPU.Build.0 = Debug|Any CPU
		{EBC46912-B10B-4B59-AA00-E90498E55EC5}.Release|Any CPU.ActiveCfg = Release|Any CPU
		{EBC46912-B10B-4B59-AA00-E90498E55EC5}.Release|Any CPU.Build.0 = Release|Any CPU
	EndGlobalSection
	GlobalSection(SolutionProperties) = preSolution
		HideSolutionNode = FALSE
	EndGlobalSection
EndGlobal
